
Microsoft Visual Studio Solution File, Format Version 12.00
# Visual Studio Version 16
VisualStudioVersion = 16.0.31402.337
MinimumVisualStudioVersion = 10.0.40219.1
Project("{FAE04EC0-301F-11D3-BF4B-00C04F79EFBC}") = "appsvc-fnc-servicetags-dotnet001", "appsvc-fnc-servicetags-dotnet001.csproj", "{BFB727E4-5410-4CB6-933E-0535234B6EAD}"
EndProject
Global
	GlobalSection(SolutionConfigurationPlatforms) = preSolution
		Debug|Any CPU = Debug|Any CPU
		Release|Any CPU = Release|Any CPU
	EndGlobalSection
	GlobalSection(ProjectConfigurationPlatforms) = postSolution
		{BFB727E4-5410-4CB6-933E-0535234B6EAD}.Debug|Any CPU.ActiveCfg = Debug|Any CPU
		{BFB727E4-5410-4CB6-933E-0535234B6EAD}.Debug|Any CPU.Build.0 = Debug|Any CPU
		{BFB727E4-5410-4CB6-933E-0535234B6EAD}.Release|Any CPU.ActiveCfg = Release|Any CPU
		{BFB727E4-5410-4CB6-933E-0535234B6EAD}.Release|Any CPU.Build.0 = Release|Any CPU
	EndGlobalSection
	GlobalSection(SolutionProperties) = preSolution
		HideSolutionNode = FALSE
	EndGlobalSection
	GlobalSection(ExtensibilityGlobals) = postSolution
		SolutionGuid = {FF950A8E-11FB-4AE7-B0A6-A4119AF7F70B}
	EndGlobalSection
EndGlobal
